
Microsoft Visual Studio Solution File, Format Version 12.00
# Visual Studio 15
VisualStudioVersion = 15.0.26020.0
MinimumVisualStudioVersion = 10.0.40219.1
Project("{8BC9CEB8-8B4A-11D0-8D11-00A0C91BC942}") = "HELLOWORLD", "HELLOWORLD\HELLOWORLD.vcxproj", "{E06648B1-70AD-4E17-962D-68C0DBE0A883}"
EndProject
Project("{8BC9CEB8-8B4A-11D0-8D11-00A0C91BC942}") = "MERCY", "MERCY\MERCY.vcxproj", "{AB9F9E77-A4CA-4635-ACA4-859125795EDF}"
EndProject
Project("{8BC9CEB8-8B4A-11D0-8D11-00A0C91BC942}") = "ENDIANS", "ENDIANS\ENDIANS.vcxproj", "{9CC85B8A-4427-4FC3-9A29-72F29E70C2F5}"
EndProject
Project("{8BC9CEB8-8B4A-11D0-8D11-00A0C91BC942}") = "DRAWRECT", "DRAWRECT\DRAWRECT.vcxproj", "{04B1D0D8-562D-478C-8268-B6F2519837A6}"
EndProject
Project("{8BC9CEB8-8B4A-11D0-8D11-00A0C91BC942}") = "LECTURE", "LECTURE\LECTURE.vcxproj", "{94056E60-A45C-4117-B5E1-C26C3F0D033A}"
EndProject
Project("{8BC9CEB8-8B4A-11D0-8D11-00A0C91BC942}") = "ENCRYPT", "ENCRYPT\ENCRYPT.vcxproj", "{377D6712-204C-4605-A334-01392EF9470B}"
EndProject
Project("{8BC9CEB8-8B4A-11D0-8D11-00A0C91BC942}") = "MISPELL", "MISPELL\MISPELL.vcxproj", "{A7A95FA6-EC79-4014-AD34-EB86E40CB63C}"
EndProject
Project("{8BC9CEB8-8B4A-11D0-8D11-00A0C91BC942}") = "CONVERT", "CONVERT\CONVERT.vcxproj", "{72E11025-AEA2-46F6-9073-81972DBC6751}"
EndProject
Project("{8BC9CEB8-8B4A-11D0-8D11-00A0C91BC942}") = "HOSTSUMMER", "HOSTSUMMER\HOSTSUMMER.vcxproj", "{169A2726-56BE-4C87-AD8F-44C64F091121}"
EndProject
Project("{8BC9CEB8-8B4A-11D0-8D11-00A0C91BC942}") = "URI", "URI\URI.vcxproj", "{9B86B9D7-8A3E-4979-9A3A-7E57301DA020}"
EndProject
Project("{8BC9CEB8-8B4A-11D0-8D11-00A0C91BC942}") = "XHAENEUNG", "XHAENEUNG\XHAENEUNG.vcxproj", "{8D29B13A-9CEB-4C20-8DDD-218196B7A469}"
EndProject
Project("{8BC9CEB8-8B4A-11D0-8D11-00A0C91BC942}") = "WEIRD", "WEIRD\WEIRD.vcxproj", "{6A8EDABE-DE19-4A3C-9E66-90F8996B3FC5}"
EndProject
Project("{8BC9CEB8-8B4A-11D0-8D11-00A0C91BC942}") = "HAMMINGCODE", "HAMMINGCODE\HAMMINGCODE.vcxproj", "{DB85CD7A-D1C1-4820-998B-5ED60AB68B3D}"
EndProject
Project("{8BC9CEB8-8B4A-11D0-8D11-00A0C91BC942}") = "SHISENSHO", "SHISENSHO\SHISENSHO.vcxproj", "{97B41B25-299E-4DCE-AB98-CA2B2B705833}"
EndProject
Project("{8BC9CEB8-8B4A-11D0-8D11-00A0C91BC942}") = "WEEKLYCALENDAR", "WEEKLYCALENDAR\WEEKLYCALENDAR.vcxproj", "{4FE51090-B31A-4FA8-A560-25DE91C1A9B7}"
EndProject
Project("{8BC9CEB8-8B4A-11D0-8D11-00A0C91BC942}") = "BRACKETS2", "BRACKETS2\BRACKETS2.vcxproj", "{7BA894D9-3881-4C60-9BBB-21635C305B54}"
EndProject
Project("{8BC9CEB8-8B4A-11D0-8D11-00A0C91BC942}") = "FIXPAREN", "FIXPAREN\FIXPAREN.vcxproj", "{FE206556-6714-4FAF-81A2-6E2A381D1FB7}"
EndProject
Project("{8BC9CEB8-8B4A-11D0-8D11-00A0C91BC942}") = "AlgorithmTemplate", "AlgorithmTemplate\AlgorithmTemplate.vcxproj", "{2A72D168-3C6B-4E7B-825C-9808E1D4511D}"
EndProject
Project("{8BC9CEB8-8B4A-11D0-8D11-00A0C91BC942}") = "NQueen", "NQueen\NQueen.vcxproj", "{76A4FFA2-F99D-43B8-BFA4-FA7A439C1F9F}"
EndProject
Project("{8BC9CEB8-8B4A-11D0-8D11-00A0C91BC942}") = "CLOCKSYNC", "CLOCKSYNC\CLOCKSYNC.vcxproj", "{153B25F3-E8F6-4E4D-853F-31507DD7F5F2}"
EndProject
Project("{8BC9CEB8-8B4A-11D0-8D11-00A0C91BC942}") = "TSP1", "TSP1\TSP1.vcxproj", "{10E2070F-1B26-4DF7-AEEC-8C68F5099FD2}"
EndProject
Project("{8BC9CEB8-8B4A-11D0-8D11-00A0C91BC942}") = "BOARDCOVER", "BOARDCOVER\BOARDCOVER.vcxproj", "{C8F7F641-C12D-4CF9-8567-F858FB38C5DE}"
EndProject
Project("{8BC9CEB8-8B4A-11D0-8D11-00A0C91BC942}") = "COINS", "COINS\COINS.vcxproj", "{CA2F44A0-1DAD-4D9E-8F1B-093070223103}"
EndProject
Project("{8BC9CEB8-8B4A-11D0-8D11-00A0C91BC942}") = "DiamondPath", "DiamondPath\DiamondPath.vcxproj", "{5988A7E7-4156-4112-9AB6-274B5661249F}"
EndProject
Project("{8BC9CEB8-8B4A-11D0-8D11-00A0C91BC942}") = "LIS", "LIS\LIS.vcxproj", "{78FE1AF9-495C-498B-A45D-85A49DE022D6}"
EndProject
Project("{8BC9CEB8-8B4A-11D0-8D11-00A0C91BC942}") = "ROUTING", "ROUTING\ROUTING.vcxproj", "{33D346BC-B0BE-42B9-8AF1-5541965493BE}"
EndProject
Global
	GlobalSection(SolutionConfigurationPlatforms) = preSolution
		Debug|x64 = Debug|x64
		Debug|x86 = Debug|x86
		Release|x64 = Release|x64
		Release|x86 = Release|x86
	EndGlobalSection
	GlobalSection(ProjectConfigurationPlatforms) = postSolution
		{E06648B1-70AD-4E17-962D-68C0DBE0A883}.Debug|x64.ActiveCfg = Debug|x64
		{E06648B1-70AD-4E17-962D-68C0DBE0A883}.Debug|x64.Build.0 = Debug|x64
		{E06648B1-70AD-4E17-962D-68C0DBE0A883}.Debug|x86.ActiveCfg = Debug|Win32
		{E06648B1-70AD-4E17-962D-68C0DBE0A883}.Debug|x86.Build.0 = Debug|Win32
		{E06648B1-70AD-4E17-962D-68C0DBE0A883}.Release|x64.ActiveCfg = Release|x64
		{E06648B1-70AD-4E17-962D-68C0DBE0A883}.Release|x64.Build.0 = Release|x64
		{E06648B1-70AD-4E17-962D-68C0DBE0A883}.Release|x86.ActiveCfg = Release|Win32
		{E06648B1-70AD-4E17-962D-68C0DBE0A883}.Release|x86.Build.0 = Release|Win32
		{AB9F9E77-A4CA-4635-ACA4-859125795EDF}.Debug|x64.ActiveCfg = Debug|x64
		{AB9F9E77-A4CA-4635-ACA4-859125795EDF}.Debug|x64.Build.0 = Debug|x64
		{AB9F9E77-A4CA-4635-ACA4-859125795EDF}.Debug|x86.ActiveCfg = Debug|Win32
		{AB9F9E77-A4CA-4635-ACA4-859125795EDF}.Debug|x86.Build.0 = Debug|Win32
		{AB9F9E77-A4CA-4635-ACA4-859125795EDF}.Release|x64.ActiveCfg = Release|x64
		{AB9F9E77-A4CA-4635-ACA4-859125795EDF}.Release|x64.Build.0 = Release|x64
		{AB9F9E77-A4CA-4635-ACA4-859125795EDF}.Release|x86.ActiveCfg = Release|Win32
		{AB9F9E77-A4CA-4635-ACA4-859125795EDF}.Release|x86.Build.0 = Release|Win32
		{9CC85B8A-4427-4FC3-9A29-72F29E70C2F5}.Debug|x64.ActiveCfg = Debug|x64
		{9CC85B8A-4427-4FC3-9A29-72F29E70C2F5}.Debug|x64.Build.0 = Debug|x64
		{9CC85B8A-4427-4FC3-9A29-72F29E70C2F5}.Debug|x86.ActiveCfg = Debug|Win32
		{9CC85B8A-4427-4FC3-9A29-72F29E70C2F5}.Debug|x86.Build.0 = Debug|Win32
		{9CC85B8A-4427-4FC3-9A29-72F29E70C2F5}.Release|x64.ActiveCfg = Release|x64
		{9CC85B8A-4427-4FC3-9A29-72F29E70C2F5}.Release|x64.Build.0 = Release|x64
		{9CC85B8A-4427-4FC3-9A29-72F29E70C2F5}.Release|x86.ActiveCfg = Release|Win32
		{9CC85B8A-4427-4FC3-9A29-72F29E70C2F5}.Release|x86.Build.0 = Release|Win32
		{04B1D0D8-562D-478C-8268-B6F2519837A6}.Debug|x64.ActiveCfg = Debug|x64
		{04B1D0D8-562D-478C-8268-B6F2519837A6}.Debug|x64.Build.0 = Debug|x64
		{04B1D0D8-562D-478C-8268-B6F2519837A6}.Debug|x86.ActiveCfg = Debug|Win32
		{04B1D0D8-562D-478C-8268-B6F2519837A6}.Debug|x86.Build.0 = Debug|Win32
		{04B1D0D8-562D-478C-8268-B6F2519837A6}.Release|x64.ActiveCfg = Release|x64
		{04B1D0D8-562D-478C-8268-B6F2519837A6}.Release|x64.Build.0 = Release|x64
		{04B1D0D8-562D-478C-8268-B6F2519837A6}.Release|x86.ActiveCfg = Release|Win32
		{04B1D0D8-562D-478C-8268-B6F2519837A6}.Release|x86.Build.0 = Release|Win32
		{94056E60-A45C-4117-B5E1-C26C3F0D033A}.Debug|x64.ActiveCfg = Debug|x64
		{94056E60-A45C-4117-B5E1-C26C3F0D033A}.Debug|x64.Build.0 = Debug|x64
		{94056E60-A45C-4117-B5E1-C26C3F0D033A}.Debug|x86.ActiveCfg = Debug|Win32
		{94056E60-A45C-4117-B5E1-C26C3F0D033A}.Debug|x86.Build.0 = Debug|Win32
		{94056E60-A45C-4117-B5E1-C26C3F0D033A}.Release|x64.ActiveCfg = Release|x64
		{94056E60-A45C-4117-B5E1-C26C3F0D033A}.Release|x64.Build.0 = Release|x64
		{94056E60-A45C-4117-B5E1-C26C3F0D033A}.Release|x86.ActiveCfg = Release|Win32
		{94056E60-A45C-4117-B5E1-C26C3F0D033A}.Release|x86.Build.0 = Release|Win32
		{377D6712-204C-4605-A334-01392EF9470B}.Debug|x64.ActiveCfg = Debug|x64
		{377D6712-204C-4605-A334-01392EF9470B}.Debug|x64.Build.0 = Debug|x64
		{377D6712-204C-4605-A334-01392EF9470B}.Debug|x86.ActiveCfg = Debug|Win32
		{377D6712-204C-4605-A334-01392EF9470B}.Debug|x86.Build.0 = Debug|Win32
		{377D6712-204C-4605-A334-01392EF9470B}.Release|x64.ActiveCfg = Release|x64
		{377D6712-204C-4605-A334-01392EF9470B}.Release|x64.Build.0 = Release|x64
		{377D6712-204C-4605-A334-01392EF9470B}.Release|x86.ActiveCfg = Release|Win32
		{377D6712-204C-4605-A334-01392EF9470B}.Release|x86.Build.0 = Release|Win32
		{A7A95FA6-EC79-4014-AD34-EB86E40CB63C}.Debug|x64.ActiveCfg = Debug|x64
		{A7A95FA6-EC79-4014-AD34-EB86E40CB63C}.Debug|x64.Build.0 = Debug|x64
		{A7A95FA6-EC79-4014-AD34-EB86E40CB63C}.Debug|x86.ActiveCfg = Debug|Win32
		{A7A95FA6-EC79-4014-AD34-EB86E40CB63C}.Debug|x86.Build.0 = Debug|Win32
		{A7A95FA6-EC79-4014-AD34-EB86E40CB63C}.Release|x64.ActiveCfg = Release|x64
		{A7A95FA6-EC79-4014-AD34-EB86E40CB63C}.Release|x64.Build.0 = Release|x64
		{A7A95FA6-EC79-4014-AD34-EB86E40CB63C}.Release|x86.ActiveCfg = Release|Win32
		{A7A95FA6-EC79-4014-AD34-EB86E40CB63C}.Release|x86.Build.0 = Release|Win32
		{72E11025-AEA2-46F6-9073-81972DBC6751}.Debug|x64.ActiveCfg = Debug|x64
		{72E11025-AEA2-46F6-9073-81972DBC6751}.Debug|x64.Build.0 = Debug|x64
		{72E11025-AEA2-46F6-9073-81972DBC6751}.Debug|x86.ActiveCfg = Debug|Win32
		{72E11025-AEA2-46F6-9073-81972DBC6751}.Debug|x86.Build.0 = Debug|Win32
		{72E11025-AEA2-46F6-9073-81972DBC6751}.Release|x64.ActiveCfg = Release|x64
		{72E11025-AEA2-46F6-9073-81972DBC6751}.Release|x64.Build.0 = Release|x64
		{72E11025-AEA2-46F6-9073-81972DBC6751}.Release|x86.ActiveCfg = Release|Win32
		{72E11025-AEA2-46F6-9073-81972DBC6751}.Release|x86.Build.0 = Release|Win32
		{169A2726-56BE-4C87-AD8F-44C64F091121}.Debug|x64.ActiveCfg = Debug|x64
		{169A2726-56BE-4C87-AD8F-44C64F091121}.Debug|x64.Build.0 = Debug|x64
		{169A2726-56BE-4C87-AD8F-44C64F091121}.Debug|x86.ActiveCfg = Debug|Win32
		{169A2726-56BE-4C87-AD8F-44C64F091121}.Debug|x86.Build.0 = Debug|Win32
		{169A2726-56BE-4C87-AD8F-44C64F091121}.Release|x64.ActiveCfg = Release|x64
		{169A2726-56BE-4C87-AD8F-44C64F091121}.Release|x64.Build.0 = Release|x64
		{169A2726-56BE-4C87-AD8F-44C64F091121}.Release|x86.ActiveCfg = Release|Win32
		{169A2726-56BE-4C87-AD8F-44C64F091121}.Release|x86.Build.0 = Release|Win32
		{9B86B9D7-8A3E-4979-9A3A-7E57301DA020}.Debug|x64.ActiveCfg = Debug|x64
		{9B86B9D7-8A3E-4979-9A3A-7E57301DA020}.Debug|x64.Build.0 = Debug|x64
		{9B86B9D7-8A3E-4979-9A3A-7E57301DA020}.Debug|x86.ActiveCfg = Debug|Win32
		{9B86B9D7-8A3E-4979-9A3A-7E57301DA020}.Debug|x86.Build.0 = Debug|Win32
		{9B86B9D7-8A3E-4979-9A3A-7E57301DA020}.Release|x64.ActiveCfg = Release|x64
		{9B86B9D7-8A3E-4979-9A3A-7E57301DA020}.Release|x64.Build.0 = Release|x64
		{9B86B9D7-8A3E-4979-9A3A-7E57301DA020}.Release|x86.ActiveCfg = Release|Win32
		{9B86B9D7-8A3E-4979-9A3A-7E57301DA020}.Release|x86.Build.0 = Release|Win32
		{8D29B13A-9CEB-4C20-8DDD-218196B7A469}.Debug|x64.ActiveCfg = Debug|x64
		{8D29B13A-9CEB-4C20-8DDD-218196B7A469}.Debug|x64.Build.0 = Debug|x64
		{8D29B13A-9CEB-4C20-8DDD-218196B7A469}.Debug|x86.ActiveCfg = Debug|Win32
		{8D29B13A-9CEB-4C20-8DDD-218196B7A469}.Debug|x86.Build.0 = Debug|Win32
		{8D29B13A-9CEB-4C20-8DDD-218196B7A469}.Release|x64.ActiveCfg = Release|x64
		{8D29B13A-9CEB-4C20-8DDD-218196B7A469}.Release|x64.Build.0 = Release|x64
		{8D29B13A-9CEB-4C20-8DDD-218196B7A469}.Release|x86.ActiveCfg = Release|Win32
		{8D29B13A-9CEB-4C20-8DDD-218196B7A469}.Release|x86.Build.0 = Release|Win32
		{6A8EDABE-DE19-4A3C-9E66-90F8996B3FC5}.Debug|x64.ActiveCfg = Debug|x64
		{6A8EDABE-DE19-4A3C-9E66-90F8996B3FC5}.Debug|x64.Build.0 = Debug|x64
		{6A8EDABE-DE19-4A3C-9E66-90F8996B3FC5}.Debug|x86.ActiveCfg = Debug|Win32
		{6A8EDABE-DE19-4A3C-9E66-90F8996B3FC5}.Debug|x86.Build.0 = Debug|Win32
		{6A8EDABE-DE19-4A3C-9E66-90F8996B3FC5}.Release|x64.ActiveCfg = Release|x64
		{6A8EDABE-DE19-4A3C-9E66-90F8996B3FC5}.Release|x64.Build.0 = Release|x64
		{6A8EDABE-DE19-4A3C-9E66-90F8996B3FC5}.Release|x86.ActiveCfg = Release|Win32
		{6A8EDABE-DE19-4A3C-9E66-90F8996B3FC5}.Release|x86.Build.0 = Release|Win32
		{DB85CD7A-D1C1-4820-998B-5ED60AB68B3D}.Debug|x64.ActiveCfg = Debug|x64
		{DB85CD7A-D1C1-4820-998B-5ED60AB68B3D}.Debug|x64.Build.0 = Debug|x64
		{DB85CD7A-D1C1-4820-998B-5ED60AB68B3D}.Debug|x86.ActiveCfg = Debug|Win32
		{DB85CD7A-D1C1-4820-998B-5ED60AB68B3D}.Debug|x86.Build.0 = Debug|Win32
		{DB85CD7A-D1C1-4820-998B-5ED60AB68B3D}.Release|x64.ActiveCfg = Release|x64
		{DB85CD7A-D1C1-4820-998B-5ED60AB68B3D}.Release|x64.Build.0 = Release|x64
		{DB85CD7A-D1C1-4820-998B-5ED60AB68B3D}.Release|x86.ActiveCfg = Release|Win32
		{DB85CD7A-D1C1-4820-998B-5ED60AB68B3D}.Release|x86.Build.0 = Release|Win32
		{97B41B25-299E-4DCE-AB98-CA2B2B705833}.Debug|x64.ActiveCfg = Debug|x64
		{97B41B25-299E-4DCE-AB98-CA2B2B705833}.Debug|x64.Build.0 = Debug|x64
		{97B41B25-299E-4DCE-AB98-CA2B2B705833}.Debug|x86.ActiveCfg = Debug|Win32
		{97B41B25-299E-4DCE-AB98-CA2B2B705833}.Debug|x86.Build.0 = Debug|Win32
		{97B41B25-299E-4DCE-AB98-CA2B2B705833}.Release|x64.ActiveCfg = Release|x64
		{97B41B25-299E-4DCE-AB98-CA2B2B705833}.Release|x64.Build.0 = Release|x64
		{97B41B25-299E-4DCE-AB98-CA2B2B705833}.Release|x86.ActiveCfg = Release|Win32
		{97B41B25-299E-4DCE-AB98-CA2B2B705833}.Release|x86.Build.0 = Release|Win32
		{4FE51090-B31A-4FA8-A560-25DE91C1A9B7}.Debug|x64.ActiveCfg = Debug|x64
		{4FE51090-B31A-4FA8-A560-25DE91C1A9B7}.Debug|x64.Build.0 = Debug|x64
		{4FE51090-B31A-4FA8-A560-25DE91C1A9B7}.Debug|x86.ActiveCfg = Debug|Win32
		{4FE51090-B31A-4FA8-A560-25DE91C1A9B7}.Debug|x86.Build.0 = Debug|Win32
		{4FE51090-B31A-4FA8-A560-25DE91C1A9B7}.Release|x64.ActiveCfg = Release|x64
		{4FE51090-B31A-4FA8-A560-25DE91C1A9B7}.Release|x64.Build.0 = Release|x64
		{4FE51090-B31A-4FA8-A560-25DE91C1A9B7}.Release|x86.ActiveCfg = Release|Win32
		{4FE51090-B31A-4FA8-A560-25DE91C1A9B7}.Release|x86.Build.0 = Release|Win32
		{7BA894D9-3881-4C60-9BBB-21635C305B54}.Debug|x64.ActiveCfg = Debug|x64
		{7BA894D9-3881-4C60-9BBB-21635C305B54}.Debug|x64.Build.0 = Debug|x64
		{7BA894D9-3881-4C60-9BBB-21635C305B54}.Debug|x86.ActiveCfg = Debug|Win32
		{7BA894D9-3881-4C60-9BBB-21635C305B54}.Debug|x86.Build.0 = Debug|Win32
		{7BA894D9-3881-4C60-9BBB-21635C305B54}.Release|x64.ActiveCfg = Release|x64
		{7BA894D9-3881-4C60-9BBB-21635C305B54}.Release|x64.Build.0 = Release|x64
		{7BA894D9-3881-4C60-9BBB-21635C305B54}.Release|x86.ActiveCfg = Release|Win32
		{7BA894D9-3881-4C60-9BBB-21635C305B54}.Release|x86.Build.0 = Release|Win32
		{FE206556-6714-4FAF-81A2-6E2A381D1FB7}.Debug|x64.ActiveCfg = Debug|x64
		{FE206556-6714-4FAF-81A2-6E2A381D1FB7}.Debug|x64.Build.0 = Debug|x64
		{FE206556-6714-4FAF-81A2-6E2A381D1FB7}.Debug|x86.ActiveCfg = Debug|Win32
		{FE206556-6714-4FAF-81A2-6E2A381D1FB7}.Debug|x86.Build.0 = Debug|Win32
		{FE206556-6714-4FAF-81A2-6E2A381D1FB7}.Release|x64.ActiveCfg = Release|x64
		{FE206556-6714-4FAF-81A2-6E2A381D1FB7}.Release|x64.Build.0 = Release|x64
		{FE206556-6714-4FAF-81A2-6E2A381D1FB7}.Release|x86.ActiveCfg = Release|Win32
		{FE206556-6714-4FAF-81A2-6E2A381D1FB7}.Release|x86.Build.0 = Release|Win32
		{2A72D168-3C6B-4E7B-825C-9808E1D4511D}.Debug|x64.ActiveCfg = Debug|x64
		{2A72D168-3C6B-4E7B-825C-9808E1D4511D}.Debug|x64.Build.0 = Debug|x64
		{2A72D168-3C6B-4E7B-825C-9808E1D4511D}.Debug|x86.ActiveCfg = Debug|Win32
		{2A72D168-3C6B-4E7B-825C-9808E1D4511D}.Debug|x86.Build.0 = Debug|Win32
		{2A72D168-3C6B-4E7B-825C-9808E1D4511D}.Release|x64.ActiveCfg = Release|x64
		{2A72D168-3C6B-4E7B-825C-9808E1D4511D}.Release|x64.Build.0 = Release|x64
		{2A72D168-3C6B-4E7B-825C-9808E1D4511D}.Release|x86.ActiveCfg = Release|Win32
		{2A72D168-3C6B-4E7B-825C-9808E1D4511D}.Release|x86.Build.0 = Release|Win32
		{76A4FFA2-F99D-43B8-BFA4-FA7A439C1F9F}.Debug|x64.ActiveCfg = Debug|x64
		{76A4FFA2-F99D-43B8-BFA4-FA7A439C1F9F}.Debug|x64.Build.0 = Debug|x64
		{76A4FFA2-F99D-43B8-BFA4-FA7A439C1F9F}.Debug|x86.ActiveCfg = Debug|Win32
		{76A4FFA2-F99D-43B8-BFA4-FA7A439C1F9F}.Debug|x86.Build.0 = Debug|Win32
		{76A4FFA2-F99D-43B8-BFA4-FA7A439C1F9F}.Release|x64.ActiveCfg = Release|x64
		{76A4FFA2-F99D-43B8-BFA4-FA7A439C1F9F}.Release|x64.Build.0 = Release|x64
		{76A4FFA2-F99D-43B8-BFA4-FA7A439C1F9F}.Release|x86.ActiveCfg = Release|Win32
		{76A4FFA2-F99D-43B8-BFA4-FA7A439C1F9F}.Release|x86.Build.0 = Release|Win32
		{153B25F3-E8F6-4E4D-853F-31507DD7F5F2}.Debug|x64.ActiveCfg = Debug|x64
		{153B25F3-E8F6-4E4D-853F-31507DD7F5F2}.Debug|x64.Build.0 = Debug|x64
		{153B25F3-E8F6-4E4D-853F-31507DD7F5F2}.Debug|x86.ActiveCfg = Debug|Win32
		{153B25F3-E8F6-4E4D-853F-31507DD7F5F2}.Debug|x86.Build.0 = Debug|Win32
		{153B25F3-E8F6-4E4D-853F-31507DD7F5F2}.Release|x64.ActiveCfg = Release|x64
		{153B25F3-E8F6-4E4D-853F-31507DD7F5F2}.Release|x64.Build.0 = Release|x64
		{153B25F3-E8F6-4E4D-853F-31507DD7F5F2}.Release|x86.ActiveCfg = Release|Win32
		{153B25F3-E8F6-4E4D-853F-31507DD7F5F2}.Release|x86.Build.0 = Release|Win32
		{10E2070F-1B26-4DF7-AEEC-8C68F5099FD2}.Debug|x64.ActiveCfg = Debug|x64
		{10E2070F-1B26-4DF7-AEEC-8C68F5099FD2}.Debug|x64.Build.0 = Debug|x64
		{10E2070F-1B26-4DF7-AEEC-8C68F5099FD2}.Debug|x86.ActiveCfg = Debug|Win32
		{10E2070F-1B26-4DF7-AEEC-8C68F5099FD2}.Debug|x86.Build.0 = Debug|Win32
		{10E2070F-1B26-4DF7-AEEC-8C68F5099FD2}.Release|x64.ActiveCfg = Release|x64
		{10E2070F-1B26-4DF7-AEEC-8C68F5099FD2}.Release|x64.Build.0 = Release|x64
		{10E2070F-1B26-4DF7-AEEC-8C68F5099FD2}.Release|x86.ActiveCfg = Release|Win32
		{10E2070F-1B26-4DF7-AEEC-8C68F5099FD2}.Release|x86.Build.0 = Release|Win32
		{C8F7F641-C12D-4CF9-8567-F858FB38C5DE}.Debug|x64.ActiveCfg = Debug|x64
		{C8F7F641-C12D-4CF9-8567-F858FB38C5DE}.Debug|x64.Build.0 = Debug|x64
		{C8F7F641-C12D-4CF9-8567-F858FB38C5DE}.Debug|x86.ActiveCfg = Debug|Win32
		{C8F7F641-C12D-4CF9-8567-F858FB38C5DE}.Debug|x86.Build.0 = Debug|Win32
		{C8F7F641-C12D-4CF9-8567-F858FB38C5DE}.Release|x64.ActiveCfg = Release|x64
		{C8F7F641-C12D-4CF9-8567-F858FB38C5DE}.Release|x64.Build.0 = Release|x64
		{C8F7F641-C12D-4CF9-8567-F858FB38C5DE}.Release|x86.ActiveCfg = Release|Win32
		{C8F7F641-C12D-4CF9-8567-F858FB38C5DE}.Release|x86.Build.0 = Release|Win32
		{CA2F44A0-1DAD-4D9E-8F1B-093070223103}.Debug|x64.ActiveCfg = Debug|x64
		{CA2F44A0-1DAD-4D9E-8F1B-093070223103}.Debug|x64.Build.0 = Debug|x64
		{CA2F44A0-1DAD-4D9E-8F1B-093070223103}.Debug|x86.ActiveCfg = Debug|Win32
		{CA2F44A0-1DAD-4D9E-8F1B-093070223103}.Debug|x86.Build.0 = Debug|Win32
		{CA2F44A0-1DAD-4D9E-8F1B-093070223103}.Release|x64.ActiveCfg = Release|x64
		{CA2F44A0-1DAD-4D9E-8F1B-093070223103}.Release|x64.Build.0 = Release|x64
		{CA2F44A0-1DAD-4D9E-8F1B-093070223103}.Release|x86.ActiveCfg = Release|Win32
		{CA2F44A0-1DAD-4D9E-8F1B-093070223103}.Release|x86.Build.0 = Release|Win32
		{5988A7E7-4156-4112-9AB6-274B5661249F}.Debug|x64.ActiveCfg = Debug|x64
		{5988A7E7-4156-4112-9AB6-274B5661249F}.Debug|x64.Build.0 = Debug|x64
		{5988A7E7-4156-4112-9AB6-274B5661249F}.Debug|x86.ActiveCfg = Debug|Win32
		{5988A7E7-4156-4112-9AB6-274B5661249F}.Debug|x86.Build.0 = Debug|Win32
		{5988A7E7-4156-4112-9AB6-274B5661249F}.Release|x64.ActiveCfg = Release|x64
		{5988A7E7-4156-4112-9AB6-274B5661249F}.Release|x64.Build.0 = Release|x64
		{5988A7E7-4156-4112-9AB6-274B5661249F}.Release|x86.ActiveCfg = Release|Win32
		{5988A7E7-4156-4112-9AB6-274B5661249F}.Release|x86.Build.0 = Release|Win32
		{78FE1AF9-495C-498B-A45D-85A49DE022D6}.Debug|x64.ActiveCfg = Debug|x64
		{78FE1AF9-495C-498B-A45D-85A49DE022D6}.Debug|x64.Build.0 = Debug|x64
		{78FE1AF9-495C-498B-A45D-85A49DE022D6}.Debug|x86.ActiveCfg = Debug|Win32
		{78FE1AF9-495C-498B-A45D-85A49DE022D6}.Debug|x86.Build.0 = Debug|Win32
		{78FE1AF9-495C-498B-A45D-85A49DE022D6}.Release|x64.ActiveCfg = Release|x64
		{78FE1AF9-495C-498B-A45D-85A49DE022D6}.Release|x64.Build.0 = Release|x64
		{78FE1AF9-495C-498B-A45D-85A49DE022D6}.Release|x86.ActiveCfg = Release|Win32
		{78FE1AF9-495C-498B-A45D-85A49DE022D6}.Release|x86.Build.0 = Release|Win32
		{33D346BC-B0BE-42B9-8AF1-5541965493BE}.Debug|x64.ActiveCfg = Debug|x64
		{33D346BC-B0BE-42B9-8AF1-5541965493BE}.Debug|x64.Build.0 = Debug|x64
		{33D346BC-B0BE-42B9-8AF1-5541965493BE}.Debug|x86.ActiveCfg = Debug|Win32
		{33D346BC-B0BE-42B9-8AF1-5541965493BE}.Debug|x86.Build.0 = Debug|Win32
		{33D346BC-B0BE-42B9-8AF1-5541965493BE}.Release|x64.ActiveCfg = Release|x64
		{33D346BC-B0BE-42B9-8AF1-5541965493BE}.Release|x64.Build.0 = Release|x64
		{33D346BC-B0BE-42B9-8AF1-5541965493BE}.Release|x86.ActiveCfg = Release|Win32
		{33D346BC-B0BE-42B9-8AF1-5541965493BE}.Release|x86.Build.0 = Release|Win32
	EndGlobalSection
	GlobalSection(SolutionProperties) = preSolution
		HideSolutionNode = FALSE
	EndGlobalSection
EndGlobal
